// !$*UTF8*$!
{
	archiveVersion = 1;
	classes = {
	};
	objectVersion = 56;
	objects = {

/* Begin PBXBuildFile section */
		6CE4ABA01ABC70DCF7114FC9 /* Pods_FreeExchangeRates.framework in Frameworks */ = {isa = PBXBuildFile; fileRef = 2A4F6D02CBC285A95D514AE5 /* Pods_FreeExchangeRates.framework */; };
		F433C44D2A44EDE3003874D9 /* AppDelegate.swift in Sources */ = {isa = PBXBuildFile; fileRef = F433C44C2A44EDE3003874D9 /* AppDelegate.swift */; };
		F433C4562A44EDE6003874D9 /* Assets.xcassets in Resources */ = {isa = PBXBuildFile; fileRef = F433C4552A44EDE6003874D9 /* Assets.xcassets */; };
		F433C4592A44EDE6003874D9 /* LaunchScreen.storyboard in Resources */ = {isa = PBXBuildFile; fileRef = F433C4572A44EDE6003874D9 /* LaunchScreen.storyboard */; };
		F433C46A2A45968F003874D9 /* BaseViewController.swift in Sources */ = {isa = PBXBuildFile; fileRef = F433C4692A45968F003874D9 /* BaseViewController.swift */; };
		F433C4742A45A13A003874D9 /* BaseViewModel.swift in Sources */ = {isa = PBXBuildFile; fileRef = F433C4732A45A13A003874D9 /* BaseViewModel.swift */; };
		F433C4772A45ACB3003874D9 /* Observable.swift in Sources */ = {isa = PBXBuildFile; fileRef = F433C4762A45ACB3003874D9 /* Observable.swift */; };
		F433C4792A45AE80003874D9 /* NetworkConstant.swift in Sources */ = {isa = PBXBuildFile; fileRef = F433C4782A45AE80003874D9 /* NetworkConstant.swift */; };
		F433C47C2A45B1B1003874D9 /* APICaller.swift in Sources */ = {isa = PBXBuildFile; fileRef = F433C47B2A45B1B1003874D9 /* APICaller.swift */; };
		F433C47E2A45B295003874D9 /* ExchangeRateModel.swift in Sources */ = {isa = PBXBuildFile; fileRef = F433C47D2A45B295003874D9 /* ExchangeRateModel.swift */; };
		F433C4802A463324003874D9 /* BaseView-UI.swift in Sources */ = {isa = PBXBuildFile; fileRef = F433C47F2A463324003874D9 /* BaseView-UI.swift */; };
/* End PBXBuildFile section */

/* Begin PBXFileReference section */
		2A4F6D02CBC285A95D514AE5 /* Pods_FreeExchangeRates.framework */ = {isa = PBXFileReference; explicitFileType = wrapper.framework; includeInIndex = 0; path = Pods_FreeExchangeRates.framework; sourceTree = BUILT_PRODUCTS_DIR; };
		7C71F74DC49CDE04E0B3B400 /* Pods-FreeExchangeRates.release.xcconfig */ = {isa = PBXFileReference; includeInIndex = 1; lastKnownFileType = text.xcconfig; name = "Pods-FreeExchangeRates.release.xcconfig"; path = "Target Support Files/Pods-FreeExchangeRates/Pods-FreeExchangeRates.release.xcconfig"; sourceTree = "<group>"; };
		84A4694FA3438E4EF74FD55A /* Pods-FreeExchangeRates.debug.xcconfig */ = {isa = PBXFileReference; includeInIndex = 1; lastKnownFileType = text.xcconfig; name = "Pods-FreeExchangeRates.debug.xcconfig"; path = "Target Support Files/Pods-FreeExchangeRates/Pods-FreeExchangeRates.debug.xcconfig"; sourceTree = "<group>"; };
		F433C4492A44EDE2003874D9 /* FreeExchangeRates.app */ = {isa = PBXFileReference; explicitFileType = wrapper.application; includeInIndex = 0; path = FreeExchangeRates.app; sourceTree = BUILT_PRODUCTS_DIR; };
		F433C44C2A44EDE3003874D9 /* AppDelegate.swift */ = {isa = PBXFileReference; lastKnownFileType = sourcecode.swift; path = AppDelegate.swift; sourceTree = "<group>"; };
		F433C4552A44EDE6003874D9 /* Assets.xcassets */ = {isa = PBXFileReference; lastKnownFileType = folder.assetcatalog; path = Assets.xcassets; sourceTree = "<group>"; };
		F433C4582A44EDE6003874D9 /* Base */ = {isa = PBXFileReference; lastKnownFileType = file.storyboard; name = Base; path = Base.lproj/LaunchScreen.storyboard; sourceTree = "<group>"; };
		F433C45A2A44EDE6003874D9 /* Info.plist */ = {isa = PBXFileReference; lastKnownFileType = text.plist.xml; path = Info.plist; sourceTree = "<group>"; };
		F433C4692A45968F003874D9 /* BaseViewController.swift */ = {isa = PBXFileReference; lastKnownFileType = sourcecode.swift; path = BaseViewController.swift; sourceTree = "<group>"; };
		F433C4732A45A13A003874D9 /* BaseViewModel.swift */ = {isa = PBXFileReference; lastKnownFileType = sourcecode.swift; path = BaseViewModel.swift; sourceTree = "<group>"; };
		F433C4762A45ACB3003874D9 /* Observable.swift */ = {isa = PBXFileReference; lastKnownFileType = sourcecode.swift; path = Observable.swift; sourceTree = "<group>"; };
		F433C4782A45AE80003874D9 /* NetworkConstant.swift */ = {isa = PBXFileReference; lastKnownFileType = sourcecode.swift; path = NetworkConstant.swift; sourceTree = "<group>"; };
		F433C47B2A45B1B1003874D9 /* APICaller.swift */ = {isa = PBXFileReference; lastKnownFileType = sourcecode.swift; path = APICaller.swift; sourceTree = "<group>"; };
		F433C47D2A45B295003874D9 /* ExchangeRateModel.swift */ = {isa = PBXFileReference; lastKnownFileType = sourcecode.swift; path = ExchangeRateModel.swift; sourceTree = "<group>"; };
		F433C47F2A463324003874D9 /* BaseView-UI.swift */ = {isa = PBXFileReference; lastKnownFileType = sourcecode.swift; path = "BaseView-UI.swift"; sourceTree = "<group>"; };
/* End PBXFileReference section */

/* Begin PBXFrameworksBuildPhase section */
		F433C4462A44EDE2003874D9 /* Frameworks */ = {
			isa = PBXFrameworksBuildPhase;
			buildActionMask = 2147483647;
			files = (
				6CE4ABA01ABC70DCF7114FC9 /* Pods_FreeExchangeRates.framework in Frameworks */,
			);
			runOnlyForDeploymentPostprocessing = 0;
		};
/* End PBXFrameworksBuildPhase section */

/* Begin PBXGroup section */
		8B984D9EB44062F349E8FEA2 /* Frameworks */ = {
			isa = PBXGroup;
			children = (
				2A4F6D02CBC285A95D514AE5 /* Pods_FreeExchangeRates.framework */,
			);
			name = Frameworks;
			sourceTree = "<group>";
		};
		A9564B4754411B56CBBC8C06 /* Pods */ = {
			isa = PBXGroup;
			children = (
				84A4694FA3438E4EF74FD55A /* Pods-FreeExchangeRates.debug.xcconfig */,
				7C71F74DC49CDE04E0B3B400 /* Pods-FreeExchangeRates.release.xcconfig */,
			);
			path = Pods;
			sourceTree = "<group>";
		};
		F433C4402A44EDE2003874D9 = {
			isa = PBXGroup;
			children = (
				F433C44B2A44EDE2003874D9 /* FreeExchangeRates */,
				F433C44A2A44EDE2003874D9 /* Products */,
				A9564B4754411B56CBBC8C06 /* Pods */,
				8B984D9EB44062F349E8FEA2 /* Frameworks */,
			);
			sourceTree = "<group>";
		};
		F433C44A2A44EDE2003874D9 /* Products */ = {
			isa = PBXGroup;
			children = (
				F433C4492A44EDE2003874D9 /* FreeExchangeRates.app */,
			);
			name = Products;
			sourceTree = "<group>";
		};
		F433C44B2A44EDE2003874D9 /* FreeExchangeRates */ = {
			isa = PBXGroup;
			children = (
				F433C4722A459A25003874D9 /* AppDelegate */,
				F433C4712A4599A6003874D9 /* Networking */,
				F433C4752A45AC9B003874D9 /* Classes */,
				F433C46E2A459945003874D9 /* Model */,
				F433C46D2A459924003874D9 /* Controllers */,
				F433C46C2A45991B003874D9 /* ViewModel */,
				F433C46B2A459915003874D9 /* View */,
				F433C4702A45997C003874D9 /* Extensions */,
				F433C46F2A459966003874D9 /* Recources */,
				F433C45A2A44EDE6003874D9 /* Info.plist */,
			);
			path = FreeExchangeRates;
			sourceTree = "<group>";
		};
		F433C4682A459676003874D9 /* BaseViewController */ = {
			isa = PBXGroup;
			children = (
				F433C4692A45968F003874D9 /* BaseViewController.swift */,
			);
			path = BaseViewController;
			sourceTree = "<group>";
		};
		F433C46B2A459915003874D9 /* View */ = {
			isa = PBXGroup;
			children = (
				F433C47F2A463324003874D9 /* BaseView-UI.swift */,
				F433C4572A44EDE6003874D9 /* LaunchScreen.storyboard */,
			);
			path = View;
			sourceTree = "<group>";
		};
		F433C46C2A45991B003874D9 /* ViewModel */ = {
			isa = PBXGroup;
			children = (
				F433C4732A45A13A003874D9 /* BaseViewModel.swift */,
			);
			path = ViewModel;
			sourceTree = "<group>";
		};
		F433C46D2A459924003874D9 /* Controllers */ = {
			isa = PBXGroup;
			children = (
				F433C4682A459676003874D9 /* BaseViewController */,
			);
			path = Controllers;
			sourceTree = "<group>";
		};
		F433C46E2A459945003874D9 /* Model */ = {
			isa = PBXGroup;
			children = (
				F433C47D2A45B295003874D9 /* ExchangeRateModel.swift */,
			);
			path = Model;
			sourceTree = "<group>";
		};
		F433C46F2A459966003874D9 /* Recources */ = {
			isa = PBXGroup;
			children = (
				F433C4552A44EDE6003874D9 /* Assets.xcassets */,
			);
			path = Recources;
			sourceTree = "<group>";
		};
		F433C4702A45997C003874D9 /* Extensions */ = {
			isa = PBXGroup;
			children = (
			);
			path = Extensions;
			sourceTree = "<group>";
		};
		F433C4712A4599A6003874D9 /* Networking */ = {
			isa = PBXGroup;
			children = (
				F433C4782A45AE80003874D9 /* NetworkConstant.swift */,
				F433C47B2A45B1B1003874D9 /* APICaller.swift */,
			);
			path = Networking;
			sourceTree = "<group>";
		};
		F433C4722A459A25003874D9 /* AppDelegate */ = {
			isa = PBXGroup;
			children = (
				F433C44C2A44EDE3003874D9 /* AppDelegate.swift */,
			);
			path = AppDelegate;
			sourceTree = "<group>";
		};
		F433C4752A45AC9B003874D9 /* Classes */ = {
			isa = PBXGroup;
			children = (
				F433C4762A45ACB3003874D9 /* Observable.swift */,
			);
			path = Classes;
			sourceTree = "<group>";
		};
/* End PBXGroup section */

/* Begin PBXNativeTarget section */
		F433C4482A44EDE2003874D9 /* FreeExchangeRates */ = {
			isa = PBXNativeTarget;
			buildConfigurationList = F433C45D2A44EDE6003874D9 /* Build configuration list for PBXNativeTarget "FreeExchangeRates" */;
			buildPhases = (
				703F239B013D12D2A6A6CD1F /* [CP] Check Pods Manifest.lock */,
				F433C4452A44EDE2003874D9 /* Sources */,
				F433C4462A44EDE2003874D9 /* Frameworks */,
				F433C4472A44EDE2003874D9 /* Resources */,
				2FD489CBD8BDEA224657C8D1 /* [CP] Embed Pods Frameworks */,
			);
			buildRules = (
			);
			dependencies = (
			);
			name = FreeExchangeRates;
			productName = FreeExchangeRates;
			productReference = F433C4492A44EDE2003874D9 /* FreeExchangeRates.app */;
			productType = "com.apple.product-type.application";
		};
/* End PBXNativeTarget section */

/* Begin PBXProject section */
		F433C4412A44EDE2003874D9 /* Project object */ = {
			isa = PBXProject;
			attributes = {
				BuildIndependentTargetsInParallel = 1;
				LastSwiftUpdateCheck = 1420;
				LastUpgradeCheck = 1420;
				TargetAttributes = {
					F433C4482A44EDE2003874D9 = {
						CreatedOnToolsVersion = 14.2;
					};
				};
			};
			buildConfigurationList = F433C4442A44EDE2003874D9 /* Build configuration list for PBXProject "FreeExchangeRates" */;
			compatibilityVersion = "Xcode 14.0";
			developmentRegion = en;
			hasScannedForEncodings = 0;
			knownRegions = (
				en,
				Base,
			);
			mainGroup = F433C4402A44EDE2003874D9;
			productRefGroup = F433C44A2A44EDE2003874D9 /* Products */;
			projectDirPath = "";
			projectRoot = "";
			targets = (
				F433C4482A44EDE2003874D9 /* FreeExchangeRates */,
			);
		};
/* End PBXProject section */

/* Begin PBXResourcesBuildPhase section */
		F433C4472A44EDE2003874D9 /* Resources */ = {
			isa = PBXResourcesBuildPhase;
			buildActionMask = 2147483647;
			files = (
				F433C4592A44EDE6003874D9 /* LaunchScreen.storyboard in Resources */,
				F433C4562A44EDE6003874D9 /* Assets.xcassets in Resources */,
			);
			runOnlyForDeploymentPostprocessing = 0;
		};
/* End PBXResourcesBuildPhase section */

/* Begin PBXShellScriptBuildPhase section */
		2FD489CBD8BDEA224657C8D1 /* [CP] Embed Pods Frameworks */ = {
			isa = PBXShellScriptBuildPhase;
			buildActionMask = 2147483647;
			files = (
			);
			inputFileListPaths = (
				"${PODS_ROOT}/Target Support Files/Pods-FreeExchangeRates/Pods-FreeExchangeRates-frameworks-${CONFIGURATION}-input-files.xcfilelist",
			);
			name = "[CP] Embed Pods Frameworks";
			outputFileListPaths = (
				"${PODS_ROOT}/Target Support Files/Pods-FreeExchangeRates/Pods-FreeExchangeRates-frameworks-${CONFIGURATION}-output-files.xcfilelist",
			);
			runOnlyForDeploymentPostprocessing = 0;
			shellPath = /bin/sh;
			shellScript = "\"${PODS_ROOT}/Target Support Files/Pods-FreeExchangeRates/Pods-FreeExchangeRates-frameworks.sh\"\n";
			showEnvVarsInLog = 0;
		};
		703F239B013D12D2A6A6CD1F /* [CP] Check Pods Manifest.lock */ = {
			isa = PBXShellScriptBuildPhase;
			buildActionMask = 2147483647;
			files = (
			);
			inputFileListPaths = (
			);
			inputPaths = (
				"${PODS_PODFILE_DIR_PATH}/Podfile.lock",
				"${PODS_ROOT}/Manifest.lock",
			);
			name = "[CP] Check Pods Manifest.lock";
			outputFileListPaths = (
			);
			outputPaths = (
				"$(DERIVED_FILE_DIR)/Pods-FreeExchangeRates-checkManifestLockResult.txt",
			);
			runOnlyForDeploymentPostprocessing = 0;
			shellPath = /bin/sh;
			shellScript = "diff \"${PODS_PODFILE_DIR_PATH}/Podfile.lock\" \"${PODS_ROOT}/Manifest.lock\" > /dev/null\nif [ $? != 0 ] ; then\n    # print error to STDERR\n    echo \"error: The sandbox is not in sync with the Podfile.lock. Run 'pod install' or update your CocoaPods installation.\" >&2\n    exit 1\nfi\n# This output is used by Xcode 'outputs' to avoid re-running this script phase.\necho \"SUCCESS\" > \"${SCRIPT_OUTPUT_FILE_0}\"\n";
			showEnvVarsInLog = 0;
		};
/* End PBXShellScriptBuildPhase section */

/* Begin PBXSourcesBuildPhase section */
		F433C4452A44EDE2003874D9 /* Sources */ = {
			isa = PBXSourcesBuildPhase;
			buildActionMask = 2147483647;
			files = (
				F433C4772A45ACB3003874D9 /* Observable.swift in Sources */,
				F433C47C2A45B1B1003874D9 /* APICaller.swift in Sources */,
				F433C44D2A44EDE3003874D9 /* AppDelegate.swift in Sources */,
				F433C47E2A45B295003874D9 /* ExchangeRateModel.swift in Sources */,
				F433C46A2A45968F003874D9 /* BaseViewController.swift in Sources */,
				F433C4802A463324003874D9 /* BaseView-UI.swift in Sources */,
				F433C4792A45AE80003874D9 /* NetworkConstant.swift in Sources */,
				F433C4742A45A13A003874D9 /* BaseViewModel.swift in Sources */,
			);
			runOnlyForDeploymentPostprocessing = 0;
		};
/* End PBXSourcesBuildPhase section */

/* Begin PBXVariantGroup section */
		F433C4572A44EDE6003874D9 /* LaunchScreen.storyboard */ = {
			isa = PBXVariantGroup;
			children = (
				F433C4582A44EDE6003874D9 /* Base */,
			);
			name = LaunchScreen.storyboard;
			sourceTree = "<group>";
		};
/* End PBXVariantGroup section */

/* Begin XCBuildConfiguration section */
		F433C45B2A44EDE6003874D9 /* Debug */ = {
			isa = XCBuildConfiguration;
			buildSettings = {
				ALWAYS_SEARCH_USER_PATHS = NO;
				CLANG_ANALYZER_NONNULL = YES;
				CLANG_ANALYZER_NUMBER_OBJECT_CONVERSION = YES_AGGRESSIVE;
				CLANG_CXX_LANGUAGE_STANDARD = "gnu++20";
				CLANG_ENABLE_MODULES = YES;
				CLANG_ENABLE_OBJC_ARC = YES;
				CLANG_ENABLE_OBJC_WEAK = YES;
				CLANG_WARN_BLOCK_CAPTURE_AUTORELEASING = YES;
				CLANG_WARN_BOOL_CONVERSION = YES;
				CLANG_WARN_COMMA = YES;
				CLANG_WARN_CONSTANT_CONVERSION = YES;
				CLANG_WARN_DEPRECATED_OBJC_IMPLEMENTATIONS = YES;
				CLANG_WARN_DIRECT_OBJC_ISA_USAGE = YES_ERROR;
				CLANG_WARN_DOCUMENTATION_COMMENTS = YES;
				CLANG_WARN_EMPTY_BODY = YES;
				CLANG_WARN_ENUM_CONVERSION = YES;
				CLANG_WARN_INFINITE_RECURSION = YES;
				CLANG_WARN_INT_CONVERSION = YES;
				CLANG_WARN_NON_LITERAL_NULL_CONVERSION = YES;
				CLANG_WARN_OBJC_IMPLICIT_RETAIN_SELF = YES;
				CLANG_WARN_OBJC_LITERAL_CONVERSION = YES;
				CLANG_WARN_OBJC_ROOT_CLASS = YES_ERROR;
				CLANG_WARN_QUOTED_INCLUDE_IN_FRAMEWORK_HEADER = YES;
				CLANG_WARN_RANGE_LOOP_ANALYSIS = YES;
				CLANG_WARN_STRICT_PROTOTYPES = YES;
				CLANG_WARN_SUSPICIOUS_MOVE = YES;
				CLANG_WARN_UNGUARDED_AVAILABILITY = YES_AGGRESSIVE;
				CLANG_WARN_UNREACHABLE_CODE = YES;
				CLANG_WARN__DUPLICATE_METHOD_MATCH = YES;
				COPY_PHASE_STRIP = NO;
				DEBUG_INFORMATION_FORMAT = dwarf;
				ENABLE_STRICT_OBJC_MSGSEND = YES;
				ENABLE_TESTABILITY = YES;
				GCC_C_LANGUAGE_STANDARD = gnu11;
				GCC_DYNAMIC_NO_PIC = NO;
				GCC_NO_COMMON_BLOCKS = YES;
				GCC_OPTIMIZATION_LEVEL = 0;
				GCC_PREPROCESSOR_DEFINITIONS = (
					"DEBUG=1",
					"$(inherited)",
				);
				GCC_WARN_64_TO_32_BIT_CONVERSION = YES;
				GCC_WARN_ABOUT_RETURN_TYPE = YES_ERROR;
				GCC_WARN_UNDECLARED_SELECTOR = YES;
				GCC_WARN_UNINITIALIZED_AUTOS = YES_AGGRESSIVE;
				GCC_WARN_UNUSED_FUNCTION = YES;
				GCC_WARN_UNUSED_VARIABLE = YES;
				IPHONEOS_DEPLOYMENT_TARGET = 16.2;
				MTL_ENABLE_DEBUG_INFO = INCLUDE_SOURCE;
				MTL_FAST_MATH = YES;
				ONLY_ACTIVE_ARCH = YES;
				SDKROOT = iphoneos;
				SWIFT_ACTIVE_COMPILATION_CONDITIONS = DEBUG;
				SWIFT_OPTIMIZATION_LEVEL = "-Onone";
			};
			name = Debug;
		};
		F433C45C2A44EDE6003874D9 /* Release */ = {
			isa = XCBuildConfiguration;
			buildSettings = {
				ALWAYS_SEARCH_USER_PATHS = NO;
				CLANG_ANALYZER_NONNULL = YES;
				CLANG_ANALYZER_NUMBER_OBJECT_CONVERSION = YES_AGGRESSIVE;
				CLANG_CXX_LANGUAGE_STANDARD = "gnu++20";
				CLANG_ENABLE_MODULES = YES;
				CLANG_ENABLE_OBJC_ARC = YES;
				CLANG_ENABLE_OBJC_WEAK = YES;
				CLANG_WARN_BLOCK_CAPTURE_AUTORELEASING = YES;
				CLANG_WARN_BOOL_CONVERSION = YES;
				CLANG_WARN_COMMA = YES;
				CLANG_WARN_CONSTANT_CONVERSION = YES;
				CLANG_WARN_DEPRECATED_OBJC_IMPLEMENTATIONS = YES;
				CLANG_WARN_DIRECT_OBJC_ISA_USAGE = YES_ERROR;
				CLANG_WARN_DOCUMENTATION_COMMENTS = YES;
				CLANG_WARN_EMPTY_BODY = YES;
				CLANG_WARN_ENUM_CONVERSION = YES;
				CLANG_WARN_INFINITE_RECURSION = YES;
				CLANG_WARN_INT_CONVERSION = YES;
				CLANG_WARN_NON_LITERAL_NULL_CONVERSION = YES;
				CLANG_WARN_OBJC_IMPLICIT_RETAIN_SELF = YES;
				CLANG_WARN_OBJC_LITERAL_CONVERSION = YES;
				CLANG_WARN_OBJC_ROOT_CLASS = YES_ERROR;
				CLANG_WARN_QUOTED_INCLUDE_IN_FRAMEWORK_HEADER = YES;
				CLANG_WARN_RANGE_LOOP_ANALYSIS = YES;
				CLANG_WARN_STRICT_PROTOTYPES = YES;
				CLANG_WARN_SUSPICIOUS_MOVE = YES;
				CLANG_WARN_UNGUARDED_AVAILABILITY = YES_AGGRESSIVE;
				CLANG_WARN_UNREACHABLE_CODE = YES;
				CLANG_WARN__DUPLICATE_METHOD_MATCH = YES;
				COPY_PHASE_STRIP = NO;
				DEBUG_INFORMATION_FORMAT = "dwarf-with-dsym";
				ENABLE_NS_ASSERTIONS = NO;
				ENABLE_STRICT_OBJC_MSGSEND = YES;
				GCC_C_LANGUAGE_STANDARD = gnu11;
				GCC_NO_COMMON_BLOCKS = YES;
				GCC_WARN_64_TO_32_BIT_CONVERSION = YES;
				GCC_WARN_ABOUT_RETURN_TYPE = YES_ERROR;
				GCC_WARN_UNDECLARED_SELECTOR = YES;
				GCC_WARN_UNINITIALIZED_AUTOS = YES_AGGRESSIVE;
				GCC_WARN_UNUSED_FUNCTION = YES;
				GCC_WARN_UNUSED_VARIABLE = YES;
				IPHONEOS_DEPLOYMENT_TARGET = 16.2;
				MTL_ENABLE_DEBUG_INFO = NO;
				MTL_FAST_MATH = YES;
				SDKROOT = iphoneos;
				SWIFT_COMPILATION_MODE = wholemodule;
				SWIFT_OPTIMIZATION_LEVEL = "-O";
				VALIDATE_PRODUCT = YES;
			};
			name = Release;
		};
		F433C45E2A44EDE6003874D9 /* Debug */ = {
			isa = XCBuildConfiguration;
			baseConfigurationReference = 84A4694FA3438E4EF74FD55A /* Pods-FreeExchangeRates.debug.xcconfig */;
			buildSettings = {
				ASSETCATALOG_COMPILER_APPICON_NAME = AppIcon;
				ASSETCATALOG_COMPILER_GLOBAL_ACCENT_COLOR_NAME = AccentColor;
				CODE_SIGN_STYLE = Automatic;
				CURRENT_PROJECT_VERSION = 1;
				DEVELOPMENT_TEAM = 43YZMQV4U9;
				GENERATE_INFOPLIST_FILE = YES;
				INFOPLIST_FILE = FreeExchangeRates/Info.plist;
				INFOPLIST_KEY_UIApplicationSupportsIndirectInputEvents = YES;
				INFOPLIST_KEY_UILaunchStoryboardName = LaunchScreen;
				INFOPLIST_KEY_UIMainStoryboardFile = "";
				INFOPLIST_KEY_UISupportedInterfaceOrientations = UIInterfaceOrientationPortrait;
				INFOPLIST_KEY_UISupportedInterfaceOrientations_iPad = "UIInterfaceOrientationLandscapeLeft UIInterfaceOrientationLandscapeRight UIInterfaceOrientationPortrait UIInterfaceOrientationPortraitUpsideDown";
				LD_RUNPATH_SEARCH_PATHS = (
					"$(inherited)",
					"@executable_path/Frameworks",
				);
				MARKETING_VERSION = 1.0;
				PRODUCT_BUNDLE_IDENTIFIER = com.codingwithfazlik.FreeExchangeRates;
				PRODUCT_NAME = "$(TARGET_NAME)";
				SUPPORTED_PLATFORMS = "iphoneos iphonesimulator";
				SUPPORTS_MACCATALYST = NO;
				SUPPORTS_MAC_DESIGNED_FOR_IPHONE_IPAD = NO;
				SWIFT_EMIT_LOC_STRINGS = YES;
				SWIFT_VERSION = 5.0;
				TARGETED_DEVICE_FAMILY = 1;
			};
			name = Debug;
		};
		F433C45F2A44EDE6003874D9 /* Release */ = {
			isa = XCBuildConfiguration;
			baseConfigurationReference = 7C71F74DC49CDE04E0B3B400 /* Pods-FreeExchangeRates.release.xcconfig */;
			buildSettings = {
				ASSETCATALOG_COMPILER_APPICON_NAME = AppIcon;
				ASSETCATALOG_COMPILER_GLOBAL_ACCENT_COLOR_NAME = AccentColor;
				CODE_SIGN_STYLE = Automatic;
				CURRENT_PROJECT_VERSION = 1;
				DEVELOPMENT_TEAM = 43YZMQV4U9;
				GENERATE_INFOPLIST_FILE = YES;
				INFOPLIST_FILE = FreeExchangeRates/Info.plist;
				INFOPLIST_KEY_UIApplicationSupportsIndirectInputEvents = YES;
				INFOPLIST_KEY_UILaunchStoryboardName = LaunchScreen;
				INFOPLIST_KEY_UIMainStoryboardFile = "";
				INFOPLIST_KEY_UISupportedInterfaceOrientations = UIInterfaceOrientationPortrait;
				INFOPLIST_KEY_UISupportedInterfaceOrientations_iPad = "UIInterfaceOrientationLandscapeLeft UIInterfaceOrientationLandscapeRight UIInterfaceOrientationPortrait UIInterfaceOrientationPortraitUpsideDown";
				LD_RUNPATH_SEARCH_PATHS = (
					"$(inherited)",
					"@executable_path/Frameworks",
				);
				MARKETING_VERSION = 1.0;
				PRODUCT_BUNDLE_IDENTIFIER = com.codingwithfazlik.FreeExchangeRates;
				PRODUCT_NAME = "$(TARGET_NAME)";
				SUPPORTED_PLATFORMS = "iphoneos iphonesimulator";
				SUPPORTS_MACCATALYST = NO;
				SUPPORTS_MAC_DESIGNED_FOR_IPHONE_IPAD = NO;
				SWIFT_EMIT_LOC_STRINGS = YES;
				SWIFT_VERSION = 5.0;
				TARGETED_DEVICE_FAMILY = 1;
			};
			name = Release;
		};
/* End XCBuildConfiguration section */

/* Begin XCConfigurationList section */
		F433C4442A44EDE2003874D9 /* Build configuration list for PBXProject "FreeExchangeRates" */ = {
			isa = XCConfigurationList;
			buildConfigurations = (
				F433C45B2A44EDE6003874D9 /* Debug */,
				F433C45C2A44EDE6003874D9 /* Release */,
			);
			defaultConfigurationIsVisible = 0;
			defaultConfigurationName = Release;
		};
		F433C45D2A44EDE6003874D9 /* Build configuration list for PBXNativeTarget "FreeExchangeRates" */ = {
			isa = XCConfigurationList;
			buildConfigurations = (
				F433C45E2A44EDE6003874D9 /* Debug */,
				F433C45F2A44EDE6003874D9 /* Release */,
			);
			defaultConfigurationIsVisible = 0;
			defaultConfigurationName = Release;
		};
/* End XCConfigurationList section */
	};
	rootObject = F433C4412A44EDE2003874D9 /* Project object */;
}
